
Microsoft Visual Studio Solution File, Format Version 12.00
# Visual Studio Version 16
VisualStudioVersion = 16.0.29025.244
MinimumVisualStudioVersion = 10.0.40219.1
Project("{2150E333-8FDC-42A3-9474-1A3956D46DE8}") = "Src", "Src", "{E61E4D83-2B66-4285-9E66-E6DA1FF918C3}"
EndProject
Project("{2150E333-8FDC-42A3-9474-1A3956D46DE8}") = "Tests", "Tests", "{FE47E4FB-3AD4-48D2-B7C7-237C192B8D1E}"
EndProject
Project("{2150E333-8FDC-42A3-9474-1A3956D46DE8}") = "Common", "Common", "{B6FC4301-A411-40BF-BF4C-9D900C12C96D}"
EndProject
Project("{2150E333-8FDC-42A3-9474-1A3956D46DE8}") = "Core", "Core", "{3B22B542-1411-453F-B05F-52E778389A5D}"
EndProject
Project("{2150E333-8FDC-42A3-9474-1A3956D46DE8}") = "Infrastructure", "Infrastructure", "{0B6F7AF8-A8AC-4C19-87F8-D050B597E495}"
EndProject
Project("{2150E333-8FDC-42A3-9474-1A3956D46DE8}") = "Presentation", "Presentation", "{2AB1A765-181A-42AD-80A8-F65B4DB510DC}"
EndProject
Project("{9A19103F-16F7-4668-BE54-9A1E7A4F7556}") = "CQRS_NETCore.Common", "CQRS_NET_CORE.Common\CQRS_NETCore.Common.csproj", "{6E3634F1-A67E-47DD-B950-856D2F37D897}"
EndProject
Project("{9A19103F-16F7-4668-BE54-9A1E7A4F7556}") = "CQRS_NETCore.Application", "CQRS_NET_CORE.Application\CQRS_NETCore.Application.csproj", "{2EE459D3-9872-4DE7-B3F3-4CA6AC072749}"
EndProject
Project("{9A19103F-16F7-4668-BE54-9A1E7A4F7556}") = "CQRS_NETCore.Domain", "CQRS_NET_CORE.Domain\CQRS_NETCore.Domain.csproj", "{433C6CD3-2986-4B8D-9CB5-63BCD89E9F50}"
EndProject
Project("{9A19103F-16F7-4668-BE54-9A1E7A4F7556}") = "CQRS_NETCore.Infrastructure", "CQRS_NETCore.Infrastructure\CQRS_NETCore.Infrastructure.csproj", "{24FA2302-908A-4FAD-BF8B-B2D28C95AF74}"
EndProject
Project("{9A19103F-16F7-4668-BE54-9A1E7A4F7556}") = "CQRS_NETCore.Persistence", "CQRS_NETCore.Persistence\CQRS_NETCore.Persistence.csproj", "{4DC19562-1B9E-4F3E-AC4B-D3D15B758EFB}"
EndProject
Project("{9A19103F-16F7-4668-BE54-9A1E7A4F7556}") = "CQRS_NETCore.API", "CQRS_NETCore.API\CQRS_NETCore.API.csproj", "{A7680A29-257A-48EB-9DA8-468B72BF2F4A}"
EndProject
Project("{FAE04EC0-301F-11D3-BF4B-00C04F79EFBC}") = "CQRS_NETCore.Application.Tests", "CQRS_NETCore.Application.Tests\CQRS_NETCore.Application.Tests.csproj", "{35BACDFB-5D3C-4371-B128-4898D65309F6}"
EndProject
Project("{FAE04EC0-301F-11D3-BF4B-00C04F79EFBC}") = "CQRS_NETCore.Domain.Tests", "CQRS_NETCore.Domain.Tests\CQRS_NETCore.Domain.Tests.csproj", "{8F68F651-2ADE-41AF-8422-843AE5B191C6}"
EndProject
Project("{FAE04EC0-301F-11D3-BF4B-00C04F79EFBC}") = "CQRS_NETCore.API.FunctionalTests", "CQRS_NETCore.API.FunctionalTests\CQRS_NETCore.API.FunctionalTests.csproj", "{66A28965-75D2-4572-A0FB-A442BEEF2AAD}"
EndProject
Global
	GlobalSection(SolutionConfigurationPlatforms) = preSolution
		Debug|Any CPU = Debug|Any CPU
		Release|Any CPU = Release|Any CPU
	EndGlobalSection
	GlobalSection(ProjectConfigurationPlatforms) = postSolution
		{6E3634F1-A67E-47DD-B950-856D2F37D897}.Debug|Any CPU.ActiveCfg = Debug|Any CPU
		{6E3634F1-A67E-47DD-B950-856D2F37D897}.Debug|Any CPU.Build.0 = Debug|Any CPU
		{6E3634F1-A67E-47DD-B950-856D2F37D897}.Release|Any CPU.ActiveCfg = Release|Any CPU
		{6E3634F1-A67E-47DD-B950-856D2F37D897}.Release|Any CPU.Build.0 = Release|Any CPU
		{2EE459D3-9872-4DE7-B3F3-4CA6AC072749}.Debug|Any CPU.ActiveCfg = Debug|Any CPU
		{2EE459D3-9872-4DE7-B3F3-4CA6AC072749}.Debug|Any CPU.Build.0 = Debug|Any CPU
		{2EE459D3-9872-4DE7-B3F3-4CA6AC072749}.Release|Any CPU.ActiveCfg = Release|Any CPU
		{2EE459D3-9872-4DE7-B3F3-4CA6AC072749}.Release|Any CPU.Build.0 = Release|Any CPU
		{433C6CD3-2986-4B8D-9CB5-63BCD89E9F50}.Debug|Any CPU.ActiveCfg = Debug|Any CPU
		{433C6CD3-2986-4B8D-9CB5-63BCD89E9F50}.Debug|Any CPU.Build.0 = Debug|Any CPU
		{433C6CD3-2986-4B8D-9CB5-63BCD89E9F50}.Release|Any CPU.ActiveCfg = Release|Any CPU
		{433C6CD3-2986-4B8D-9CB5-63BCD89E9F50}.Release|Any CPU.Build.0 = Release|Any CPU
		{24FA2302-908A-4FAD-BF8B-B2D28C95AF74}.Debug|Any CPU.ActiveCfg = Debug|Any CPU
		{24FA2302-908A-4FAD-BF8B-B2D28C95AF74}.Debug|Any CPU.Build.0 = Debug|Any CPU
		{24FA2302-908A-4FAD-BF8B-B2D28C95AF74}.Release|Any CPU.ActiveCfg = Release|Any CPU
		{24FA2302-908A-4FAD-BF8B-B2D28C95AF74}.Release|Any CPU.Build.0 = Release|Any CPU
		{4DC19562-1B9E-4F3E-AC4B-D3D15B758EFB}.Debug|Any CPU.ActiveCfg = Debug|Any CPU
		{4DC19562-1B9E-4F3E-AC4B-D3D15B758EFB}.Debug|Any CPU.Build.0 = Debug|Any CPU
		{4DC19562-1B9E-4F3E-AC4B-D3D15B758EFB}.Release|Any CPU.ActiveCfg = Release|Any CPU
		{4DC19562-1B9E-4F3E-AC4B-D3D15B758EFB}.Release|Any CPU.Build.0 = Release|Any CPU
		{A7680A29-257A-48EB-9DA8-468B72BF2F4A}.Debug|Any CPU.ActiveCfg = Debug|Any CPU
		{A7680A29-257A-48EB-9DA8-468B72BF2F4A}.Debug|Any CPU.Build.0 = Debug|Any CPU
		{A7680A29-257A-48EB-9DA8-468B72BF2F4A}.Release|Any CPU.ActiveCfg = Release|Any CPU
		{A7680A29-257A-48EB-9DA8-468B72BF2F4A}.Release|Any CPU.Build.0 = Release|Any CPU
		{35BACDFB-5D3C-4371-B128-4898D65309F6}.Debug|Any CPU.ActiveCfg = Debug|Any CPU
		{35BACDFB-5D3C-4371-B128-4898D65309F6}.Debug|Any CPU.Build.0 = Debug|Any CPU
		{35BACDFB-5D3C-4371-B128-4898D65309F6}.Release|Any CPU.ActiveCfg = Release|Any CPU
		{35BACDFB-5D3C-4371-B128-4898D65309F6}.Release|Any CPU.Build.0 = Release|Any CPU
		{8F68F651-2ADE-41AF-8422-843AE5B191C6}.Debug|Any CPU.ActiveCfg = Debug|Any CPU
		{8F68F651-2ADE-41AF-8422-843AE5B191C6}.Debug|Any CPU.Build.0 = Debug|Any CPU
		{8F68F651-2ADE-41AF-8422-843AE5B191C6}.Release|Any CPU.ActiveCfg = Release|Any CPU
		{8F68F651-2ADE-41AF-8422-843AE5B191C6}.Release|Any CPU.Build.0 = Release|Any CPU
		{66A28965-75D2-4572-A0FB-A442BEEF2AAD}.Debug|Any CPU.ActiveCfg = Debug|Any CPU
		{66A28965-75D2-4572-A0FB-A442BEEF2AAD}.Debug|Any CPU.Build.0 = Debug|Any CPU
		{66A28965-75D2-4572-A0FB-A442BEEF2AAD}.Release|Any CPU.ActiveCfg = Release|Any CPU
		{66A28965-75D2-4572-A0FB-A442BEEF2AAD}.Release|Any CPU.Build.0 = Release|Any CPU
	EndGlobalSection
	GlobalSection(SolutionProperties) = preSolution
		HideSolutionNode = FALSE
	EndGlobalSection
	GlobalSection(NestedProjects) = preSolution
		{B6FC4301-A411-40BF-BF4C-9D900C12C96D} = {E61E4D83-2B66-4285-9E66-E6DA1FF918C3}
		{3B22B542-1411-453F-B05F-52E778389A5D} = {E61E4D83-2B66-4285-9E66-E6DA1FF918C3}
		{0B6F7AF8-A8AC-4C19-87F8-D050B597E495} = {E61E4D83-2B66-4285-9E66-E6DA1FF918C3}
		{2AB1A765-181A-42AD-80A8-F65B4DB510DC} = {E61E4D83-2B66-4285-9E66-E6DA1FF918C3}
		{6E3634F1-A67E-47DD-B950-856D2F37D897} = {B6FC4301-A411-40BF-BF4C-9D900C12C96D}
		{2EE459D3-9872-4DE7-B3F3-4CA6AC072749} = {3B22B542-1411-453F-B05F-52E778389A5D}
		{433C6CD3-2986-4B8D-9CB5-63BCD89E9F50} = {3B22B542-1411-453F-B05F-52E778389A5D}
		{24FA2302-908A-4FAD-BF8B-B2D28C95AF74} = {0B6F7AF8-A8AC-4C19-87F8-D050B597E495}
		{4DC19562-1B9E-4F3E-AC4B-D3D15B758EFB} = {0B6F7AF8-A8AC-4C19-87F8-D050B597E495}
		{A7680A29-257A-48EB-9DA8-468B72BF2F4A} = {2AB1A765-181A-42AD-80A8-F65B4DB510DC}
		{35BACDFB-5D3C-4371-B128-4898D65309F6} = {FE47E4FB-3AD4-48D2-B7C7-237C192B8D1E}
		{8F68F651-2ADE-41AF-8422-843AE5B191C6} = {FE47E4FB-3AD4-48D2-B7C7-237C192B8D1E}
		{66A28965-75D2-4572-A0FB-A442BEEF2AAD} = {FE47E4FB-3AD4-48D2-B7C7-237C192B8D1E}
	EndGlobalSection
	GlobalSection(ExtensibilityGlobals) = postSolution
		SolutionGuid = {8FC5EC35-43D2-45BB-9744-FBF29628392B}
	EndGlobalSection
EndGlobal
